PODS:
  - Flutter (1.0.0)
  - speech (0.0.1):
    - Flutter

DEPENDENCIES:
  - Flutter (from `.symlinks/flutter/ios-release`)
  - speech (from `.symlinks/plugins/speech/ios`)

EXTERNAL SOURCES:
  Flutter:
    :path: ".symlinks/flutter/ios-release"
  speech:
    :path: ".symlinks/plugins/speech/ios"

SPEC CHECKSUMS:
  Flutter: 9d0fac939486c9aba2809b7982dfdbb47a7b0296
  speech: 05731e9c63461947f5b4c4072d3c8a1504a81059

PODFILE CHECKSUM: aff02bfeed411c636180d6812254b2daeea14d09

COCOAPODS: 1.5.3
